
Microsoft Visual Studio Solution File, Format Version 12.00
# Visual Studio Version 17
VisualStudioVersion = 17.0.31903.59
MinimumVisualStudioVersion = 10.0.40219.1
Project("{9A19103F-16F7-4668-BE54-9A1E7A4F7556}") = "COMP3973-Lab9_A01045801-Michael-Green", "COMP3973-Lab9_A01045801-Michael-Green.csproj", "{05D748D7-ABDB-4D90-82C3-4AF7A3DA86FF}"
EndProject
Global
	GlobalSection(SolutionConfigurationPlatforms) = preSolution
		Debug|Any CPU = Debug|Any CPU
		Release|Any CPU = Release|Any CPU
	EndGlobalSection
	GlobalSection(ProjectConfigurationPlatforms) = postSolution
		{05D748D7-ABDB-4D90-82C3-4AF7A3DA86FF}.Debug|Any CPU.ActiveCfg = Debug|Any CPU
		{05D748D7-ABDB-4D90-82C3-4AF7A3DA86FF}.Debug|Any CPU.Build.0 = Debug|Any CPU
		{05D748D7-ABDB-4D90-82C3-4AF7A3DA86FF}.Release|Any CPU.ActiveCfg = Release|Any CPU
		{05D748D7-ABDB-4D90-82C3-4AF7A3DA86FF}.Release|Any CPU.Build.0 = Release|Any CPU
	EndGlobalSection
	GlobalSection(SolutionProperties) = preSolution
		HideSolutionNode = FALSE
	EndGlobalSection
	GlobalSection(ExtensibilityGlobals) = postSolution
		SolutionGuid = {CD7287FE-9565-4E3C-87B8-79289430D653}
	EndGlobalSection
EndGlobal
